Microsoft Visual Studio Solution File, Format Version 11.00
# Visual Studio 2010
Project("{E24C65DC-7377-472B-9ABA-BC803B73C61A}") = "http://author.sirspeedy.com/", "http://author.sirspeedy.com", "{6AF14F19-63BA-4261-82EF-3C911328C829}"
	ProjectSection(WebsiteProperties) = preProject
		TargetFrameworkMoniker = ".NETFramework,Version%3Dv4.0"
	EndProjectSection
EndProject
Global
	GlobalSection(SolutionConfigurationPlatforms) = preSolution
		Debug|.NET = Debug|.NET
		Release|.NET = Release|.NET
	EndGlobalSection
	GlobalSection(ProjectConfigurationPlatforms) = postSolution
		{6AF14F19-63BA-4261-82EF-3C911328C829}.Debug|.NET.ActiveCfg = Debug|.NET
		{6AF14F19-63BA-4261-82EF-3C911328C829}.Debug|.NET.Build.0 = Debug|.NET
		{6AF14F19-63BA-4261-82EF-3C911328C829}.Release|.NET.ActiveCfg = Release|.NET
		{6AF14F19-63BA-4261-82EF-3C911328C829}.Release|.NET.Build.0 = Release|.NET
	EndGlobalSection
	GlobalSection(SolutionProperties) = preSolution
		HideSolutionNode = FALSE
	EndGlobalSection
EndGlobal
